
Microsoft Visual Studio Solution File, Format Version 12.00
# Visual Studio Version 16
VisualStudioVersion = 16.0.30320.27
MinimumVisualStudioVersion = 10.0.40219.1
Project("{FAE04EC0-301F-11D3-BF4B-00C04F79EFBC}") = "intern", "intern.csproj", "{FF1FB4A3-4C58-4960-9089-78AA3CA0D4AD}"
EndProject
Global
	GlobalSection(SolutionConfigurationPlatforms) = preSolution
		Debug|Any CPU = Debug|Any CPU
		Release|Any CPU = Release|Any CPU
	EndGlobalSection
	GlobalSection(ProjectConfigurationPlatforms) = postSolution
		{FF1FB4A3-4C58-4960-9089-78AA3CA0D4AD}.Debug|Any CPU.ActiveCfg = Debug|Any CPU
		{FF1FB4A3-4C58-4960-9089-78AA3CA0D4AD}.Debug|Any CPU.Build.0 = Debug|Any CPU
		{FF1FB4A3-4C58-4960-9089-78AA3CA0D4AD}.Release|Any CPU.ActiveCfg = Release|Any CPU
		{FF1FB4A3-4C58-4960-9089-78AA3CA0D4AD}.Release|Any CPU.Build.0 = Release|Any CPU
	EndGlobalSection
	GlobalSection(SolutionProperties) = preSolution
		HideSolutionNode = FALSE
	EndGlobalSection
	GlobalSection(ExtensibilityGlobals) = postSolution
		SolutionGuid = {F4407BD1-CDCB-40D1-83D7-20417D0B1F1C}
	EndGlobalSection
EndGlobal
